github.com/go-regexp/engine v0.1.3 h1:0U5DrrBEYjNX/f0yFESpQDWmJOtXmmZqluNAUBXjfxY=
github.com/go-regexp/engine v0.1.3/go.mod h1:8rju5lq5OkskQh9+m+FjBP6965giMPUdIOdrvFrbqn4=
github.com/go-regexp/engine v0.3.0 h1:yoJ9GtIr5YloEuQQ3bb7jjD0Qzmh+Exi+f6CUwBT8H8=
github.com/go-regexp/engine v0.3.0/go.mod h1:fWnPvSuE4HIVpBQIHMiaPMEE7InDc00KeoPr/QNFGwA=
github.com/go-ruby-regexp/regexp v0.0.0-20260831115702-e14375e92d68 h1:Jw8B4iEM1qD4Jp2EhcSoZAmBgs/ZDVJW/kRyCtfqIy0=
github.com/go-ruby-regexp/regexp v0.0.0-20260831115702-e14375e92d68/go.mod h1:I3i2r1AXulgMBt/KiWBcxjnoNsB09ZFKkj2Vb5Mhzuw=
github.com/go-ruby-regexp/regexp v0.1.0 h1:KtFfOt6tKiT/UhoZ8GH6liyIVbmqhXTD04uqAiUQBj8=
github.com/go-ruby-regexp/regexp v0.1.0/go.mod h1:ndhrN+oK4wdXKM6iOasSIzLSTCs9vD9jhi65gx13Xpg=
